
Microsoft Visual Studio Solution File, Format Version 11.00
# Visual Studio 2010
Project("{FAE04EC0-301F-11D3-BF4B-00C04F79EFBC}") = "callEXE", "callEXE.csproj", "{70C56F32-74B0-4B89-ADD5-E8F342C6ABA3}"
EndProject
Global
	GlobalSection(SolutionConfigurationPlatforms) = preSolution
		Debug|x86 = Debug|x86
		Release|x86 = Release|x86
	EndGlobalSection
	GlobalSection(ProjectConfigurationPlatforms) = postSolution
		{70C56F32-74B0-4B89-ADD5-E8F342C6ABA3}.Debug|x86.ActiveCfg = Debug|x86
		{70C56F32-74B0-4B89-ADD5-E8F342C6ABA3}.Debug|x86.Build.0 = Debug|x86
		{70C56F32-74B0-4B89-ADD5-E8F342C6ABA3}.Release|x86.ActiveCfg = Release|x86
		{70C56F32-74B0-4B89-ADD5-E8F342C6ABA3}.Release|x86.Build.0 = Release|x86
	EndGlobalSection
	GlobalSection(SolutionProperties) = preSolution
		HideSolutionNode = FALSE
	EndGlobalSection
EndGlobal
